PODS:
  - Flutter (1.0.0)
  - flutter_custom_tabs (0.0.1):
    - Flutter

DEPENDENCIES:
  - Flutter (from `Flutter`)
  - flutter_custom_tabs (from `.symlinks/plugins/flutter_custom_tabs/ios`)

EXTERNAL SOURCES:
  Flutter:
    :path: Flutter
  flutter_custom_tabs:
    :path: ".symlinks/plugins/flutter_custom_tabs/ios"

SPEC CHECKSUMS:
  Flutter: f04841e97a9d0b0a8025694d0796dd46242b2854
  flutter_custom_tabs: 7a10a08686955cb748e5d26e0ae586d30689bf89

PODFILE CHECKSUM: 57c8aed26fba39d3ec9424816221f294a07c58eb

COCOAPODS: 1.11.3
